
Microsoft Visual Studio Solution File, Format Version 12.00
# Visual Studio Version 16
VisualStudioVersion = 16.0.29613.14
MinimumVisualStudioVersion = 10.0.40219.1
Project("{FAE04EC0-301F-11D3-BF4B-00C04F79EFBC}") = "student", "student\student.csproj", "{0E5E5E21-A4AC-430E-A10B-59E91A10260B}"
EndProject
Project("{FAE04EC0-301F-11D3-BF4B-00C04F79EFBC}") = "StudentApp", "StudentApp\StudentApp.csproj", "{C3AA9C11-FA63-499E-BCBE-01BC4D6792EA}"
EndProject
Global
	GlobalSection(SolutionConfigurationPlatforms) = preSolution
		Debug|Any CPU = Debug|Any CPU
		Release|Any CPU = Release|Any CPU
	EndGlobalSection
	GlobalSection(ProjectConfigurationPlatforms) = postSolution
		{0E5E5E21-A4AC-430E-A10B-59E91A10260B}.Debug|Any CPU.ActiveCfg = Debug|Any CPU
		{0E5E5E21-A4AC-430E-A10B-59E91A10260B}.Debug|Any5u74464764757


5646564646


57575785
